
Microsoft Visual Studio Solution File, Format Version 12.00
# Visual Studio Version 17
VisualStudioVersion = 17.9.34728.123
MinimumVisualStudioVersion = 10.0.40219.1
Project("{FAE04EC0-301F-11D3-BF4B-00C04F79EFBC}") = "UnflashbangHideout", "UnflashbangHideout.csproj", "{5849E2A5-37D1-42EB-8E1A-438DF485D9C6}"
EndProject
Global
	GlobalSection(SolutionConfigurationPlatforms) = preSolution
		Debug|Any CPU = Debug|Any CPU
		Release|Any CPU = Release|Any CPU
	EndGlobalSection
	GlobalSection(ProjectConfigurationPlatforms) = postSolution
		{5849E2A5-37D1-42EB-8E1A-438DF485D9C6}.Debug|Any CPU.ActiveCfg = Debug|Any CPU
		{5849E2A5-37D1-42EB-8E1A-438DF485D9C6}.Debug|Any CPU.Build.0 = Debug|Any CPU
		{5849E2A5-37D1-42EB-8E1A-438DF485D9C6}.Release|Any CPU.ActiveCfg = Release|Any CPU
		{5849E2A5-37D1-42EB-8E1A-438DF485D9C6}.Release|Any CPU.Build.0 = Release|Any CPU
	EndGlobalSection
	GlobalSection(SolutionProperties) = preSolution
		HideSolutionNode = FALSE
	EndGlobalSection
	GlobalSection(ExtensibilityGlobals) = postSolution
		SolutionGuid = {E4C95AA6-CC92-4916-A801-A101B781A2F0}
	EndGlobalSection
EndGlobal
